
Microsoft Visual Studio Solution File, Format Version 12.00
# Visual Studio 15
Project("{FAE04EC0-301F-11D3-BF4B-00C04F79EFBC}") = "SharpnadoExemplo.Android", "SharpnadoExemplo.Android\SharpnadoExemplo.Android.csproj", "{4DC92B79-E89A-4442-8396-EE8BB8E4CFEB}"
EndProject
Project("{FAE04EC0-301F-11D3-BF4B-00C04F79EFBC}") = "SharpnadoExemplo.iOS", "SharpnadoExemplo.iOS\SharpnadoExemplo.iOS.csproj", "{F00005F9-F649-4828-A1B6-AB8B4110DCD3}"
EndProject
Project("{FAE04EC0-301F-11D3-BF4B-00C04F79EFBC}") = "SharpnadoExemplo", "SharpnadoExemplo\SharpnadoExemplo.csproj", "{EF9C091C-A33E-44CF-9DFB-A6893C798653}"
EndProject
Global
	GlobalSection(SolutionConfigurationPlatforms) = preSolution
		Debug|Any CPU = Debug|Any CPU
		Release|Any CPU = Release|Any CPU
		Debug|iPhoneSimulator = Debug|iPhoneSimulator
		Release|iPhoneSimulator = Release|iPhoneSimulator
		Debug|iPhone = Debug|iPhone
		Release|iPhone = Release|iPhone
	EndGlobalSection
	GlobalSection(ProjectConfigurationPlatforms) = postSolution
		{4DC92B79-E89A-4442-8396-EE8BB8E4CFEB}.Debug|Any CPU.ActiveCfg = Debug|Any CPU
		{4DC92B79-E89A-4442-8396-EE8BB8E4CFEB}.Debug|Any CPU.Build.0 = Debug|Any CPU
		{4DC92B79-E89A-4442-8396-EE8BB8E4CFEB}.Release|Any CPU.ActiveCfg = Release|Any CPU
		{4DC92B79-E89A-4442-8396-EE8BB8E4CFEB}.Release|Any CPU.Build.0 = Release|Any CPU
		{4DC92B79-E89A-4442-8396-EE8BB8E4CFEB}.Debug|iPhoneSimulator.ActiveCfg = Debug|Any CPU
		{4DC92B79-E89A-4442-8396-EE8BB8E4CFEB}.Debug|iPhoneSimulator.Build.0 = Debug|Any CPU
		{4DC92B79-E89A-4442-8396-EE8BB8E4CFEB}.Release|iPhoneSimulator.ActiveCfg = Release|Any CPU
		{4DC92B79-E89A-4442-8396-EE8BB8E4CFEB}.Release|iPhoneSimulator.Build.0 = Release|Any CPU
		{4DC92B79-E89A-4442-8396-EE8BB8E4CFEB}.Debug|iPhone.ActiveCfg = Debug|Any CPU
		{4DC92B79-E89A-4442-8396-EE8BB8E4CFEB}.Debug|iPhone.Build.0 = Debug|Any CPU
		{4DC92B79-E89A-4442-8396-EE8BB8E4CFEB}.Release|iPhone.ActiveCfg = Release|Any CPU
		{4DC92B79-E89A-4442-8396-EE8BB8E4CFEB}.Release|iPhone.Build.0 = Release|Any CPU
		{F00005F9-F649-4828-A1B6-AB8B4110DCD3}.Debug|Any CPU.ActiveCfg = Debug|iPhoneSimulator
		{F00005F9-F649-4828-A1B6-AB8B4110DCD3}.Debug|Any CPU.Build.0 = Debug|iPhoneSimulator
		{F00005F9-F649-4828-A1B6-AB8B4110DCD3}.Release|Any CPU.ActiveCfg = Release|iPhoneSimulator
		{F00005F9-F649-4828-A1B6-AB8B4110DCD3}.Release|Any CPU.Build.0 = Release|iPhoneSimulator
		{F00005F9-F649-4828-A1B6-AB8B4110DCD3}.Debug|iPhoneSimulator.ActiveCfg = Debug|iPhoneSimulator
		{F00005F9-F649-4828-A1B6-AB8B4110DCD3}.Debug|iPhoneSimulator.Build.0 = Debug|iPhoneSimulator
		{F00005F9-F649-4828-A1B6-AB8B4110DCD3}.Release|iPhoneSimulator.ActiveCfg = Release|iPhoneSimulator
		{F00005F9-F649-4828-A1B6-AB8B4110DCD3}.Release|iPhoneSimulator.Build.0 = Release|iPhoneSimulator
		{F00005F9-F649-4828-A1B6-AB8B4110DCD3}.Debug|iPhone.ActiveCfg = Debug|iPhone
		{F00005F9-F649-4828-A1B6-AB8B4110DCD3}.Debug|iPhone.Build.0 = Debug|iPhone
		{F00005F9-F649-4828-A1B6-AB8B4110DCD3}.Release|iPhone.ActiveCfg = Release|iPhone
		{F00005F9-F649-4828-A1B6-AB8B4110DCD3}.Release|iPhone.Build.0 = Release|iPhone
		{EF9C091C-A33E-44CF-9DFB-A6893C798653}.Debug|Any CPU.ActiveCfg = Debug|Any CPU
		{EF9C091C-A33E-44CF-9DFB-A6893C798653}.Debug|Any CPU.Build.0 = Debug|Any CPU
		{EF9C091C-A33E-44CF-9DFB-A6893C798653}.Release|Any CPU.ActiveCfg = Release|Any CPU
		{EF9C091C-A33E-44CF-9DFB-A6893C798653}.Release|Any CPU.Build.0 = Release|Any CPU
		{EF9C091C-A33E-44CF-9DFB-A6893C798653}.Debug|iPhoneSimulator.ActiveCfg = Debug|Any CPU
		{EF9C091C-A33E-44CF-9DFB-A6893C798653}.Debug|iPhoneSimulator.Build.0 = Debug|Any CPU
		{EF9C091C-A33E-44CF-9DFB-A6893C798653}.Release|iPhoneSimulator.ActiveCfg = Release|Any CPU
		{EF9C091C-A33E-44CF-9DFB-A6893C798653}.Release|iPhoneSimulator.Build.0 = Release|Any CPU
		{EF9C091C-A33E-44CF-9DFB-A6893C798653}.Debug|iPhone.ActiveCfg = Debug|Any CPU
		{EF9C091C-A33E-44CF-9DFB-A6893C798653}.Debug|iPhone.Build.0 = Debug|Any CPU
		{EF9C091C-A33E-44CF-9DFB-A6893C798653}.Release|iPhone.ActiveCfg = Release|Any CPU
		{EF9C091C-A33E-44CF-9DFB-A6893C798653}.Release|iPhone.Build.0 = Release|Any CPU
	EndGlobalSection
EndGlobal
